
Microsoft Visual Studio Solution File, Format Version 12.00
# Visual Studio Version 16
VisualStudioVersion = 16.0.29102.190
MinimumVisualStudioVersion = 10.0.40219.1
Project("{FAE04EC0-301F-11D3-BF4B-00C04F79EFBC}") = "ReduxAssignmentPage160", "ReduxAssignmentPage160.csproj", "{476C60D1-9875-44CF-B963-312B71C80FBE}"
EndProject
Global
	GlobalSection(SolutionConfigurationPlatforms) = preSolution
		Debug|Any CPU = Debug|Any CPU
		Release|Any CPU = Release|Any CPU
	EndGlobalSection
	GlobalSection(ProjectConfigurationPlatforms) = postSolution
		{476C60D1-9875-44CF-B963-312B71C80FBE}.Debug|Any CPU.ActiveCfg = Debug|Any CPU
		{476C60D1-9875-44CF-B963-312B71C80FBE}.Debug|Any CPU.Build.0 = Debug|Any CPU
		{476C60D1-9875-44CF-B963-312B71C80FBE}.Release|Any CPU.ActiveCfg = Release|Any CPU
		{476C60D1-9875-44CF-B963-312B71C80FBE}.Release|Any CPU.Build.0 = Release|Any CPU
	EndGlobalSection
	GlobalSection(SolutionProperties) = preSolution
		HideSolutionNode = FALSE
	EndGlobalSection
	GlobalSection(ExtensibilityGlobals) = postSolution
		SolutionGuid = {23C15E0C-24A5-4D6A-A77B-4E4802D64D77}
	EndGlobalSection
EndGlobal
