
Microsoft Visual Studio Solution File, Format Version 12.00
# Visual Studio Version 16
VisualStudioVersion = 16.0.29102.190
MinimumVisualStudioVersion = 10.0.40219.1
Project("{FAE04EC0-301F-11D3-BF4B-00C04F79EFBC}") = "Loops", "Loops.csproj", "{FC42CD82-63C2-4ECD-BBA9-5B0945B650D3}"
EndProject
Global
	GlobalSection(SolutionConfigurationPlatforms) = preSolution
		Debug|Any CPU = Debug|Any CPU
		Release|Any CPU = Release|Any CPU
	EndGlobalSection
	GlobalSection(ProjectConfigurationPlatforms) = postSolution
		{FC42CD82-63C2-4ECD-BBA9-5B0945B650D3}.Debug|Any CPU.ActiveCfg = Debug|Any CPU
		{FC42CD82-63C2-4ECD-BBA9-5B0945B650D3}.Debug|Any CPU.Build.0 = Debug|Any CPU
		{FC42CD82-63C2-4ECD-BBA9-5B0945B650D3}.Release|Any CPU.ActiveCfg = Release|Any CPU
		{FC42CD82-63C2-4ECD-BBA9-5B0945B650D3}.Release|Any CPU.Build.0 = Release|Any CPU
	EndGlobalSection
	GlobalSection(SolutionProperties) = preSolution
		HideSolutionNode = FALSE
	EndGlobalSection
	GlobalSection(ExtensibilityGlobals) = postSolution
		SolutionGuid = {C69DDB88-5631-45D2-9175-0758289CBDE8}
	EndGlobalSection
EndGlobal
