
Microsoft Visual Studio Solution File, Format Version 12.00
# Visual Studio Version 16
VisualStudioVersion = 16.0.29102.190
MinimumVisualStudioVersion = 10.0.40219.1
Project("{FAE04EC0-301F-11D3-BF4B-00C04F79EFBC}") = "userExceptions", "userExceptions.csproj", "{5215D72E-27E2-437E-A509-8D63FF0135F0}"
EndProject
Global
	GlobalSection(SolutionConfigurationPlatforms) = preSolution
		Debug|Any CPU = Debug|Any CPU
		Release|Any CPU = Release|Any CPU
	EndGlobalSection
	GlobalSection(ProjectConfigurationPlatforms) = postSolution
		{5215D72E-27E2-437E-A509-8D63FF0135F0}.Debug|Any CPU.ActiveCfg = Debug|Any CPU
		{5215D72E-27E2-437E-A509-8D63FF0135F0}.Debug|Any CPU.Build.0 = Debug|Any CPU
		{5215D72E-27E2-437E-A509-8D63FF0135F0}.Release|Any CPU.ActiveCfg = Release|Any CPU
		{5215D72E-27E2-437E-A509-8D63FF0135F0}.Release|Any CPU.Build.0 = Release|Any CPU
	EndGlobalSection
	GlobalSection(SolutionProperties) = preSolution
		HideSolutionNode = FALSE
	EndGlobalSection
	GlobalSection(ExtensibilityGlobals) = postSolution
		SolutionGuid = {362ED4F5-38EA-4D46-B984-0B8F7E4A3159}
	EndGlobalSection
EndGlobal
