
Microsoft Visual Studio Solution File, Format Version 12.00
# Visual Studio Version 16
VisualStudioVersion = 16.0.29102.190
MinimumVisualStudioVersion = 10.0.40219.1
Project("{FAE04EC0-301F-11D3-BF4B-00C04F79EFBC}") = "DaysOfWeek", "DaysOfWeek.csproj", "{2A9993A2-7958-4D09-AE26-BAB002FD229B}"
EndProject
Global
	GlobalSection(SolutionConfigurationPlatforms) = preSolution
		Debug|Any CPU = Debug|Any CPU
		Release|Any CPU = Release|Any CPU
	EndGlobalSection
	GlobalSection(ProjectConfigurationPlatforms) = postSolution
		{2A9993A2-7958-4D09-AE26-BAB002FD229B}.Debug|Any CPU.ActiveCfg = Debug|Any CPU
		{2A9993A2-7958-4D09-AE26-BAB002FD229B}.Debug|Any CPU.Build.0 = Debug|Any CPU
		{2A9993A2-7958-4D09-AE26-BAB002FD229B}.Release|Any CPU.ActiveCfg = Release|Any CPU
		{2A9993A2-7958-4D09-AE26-BAB002FD229B}.Release|Any CPU.Build.0 = Release|Any CPU
	EndGlobalSection
	GlobalSection(SolutionProperties) = preSolution
		HideSolutionNode = FALSE
	EndGlobalSection
	GlobalSection(ExtensibilityGlobals) = postSolution
		SolutionGuid = {68580162-CF73-4DF4-8AE4-CEFDABB3D3D5}
	EndGlobalSection
EndGlobal
